
Microsoft Visual Studio Solution File, Format Version 12.00
# Visual Studio 15
VisualStudioVersion = 15.0.27004.2002
MinimumVisualStudioVersion = 10.0.40219.1
Project("{FAE04EC0-301F-11D3-BF4B-00C04F79EFBC}") = "AtlantisDeviceSimulator", "AtlantisDeviceSimulator\AtlantisDeviceSimulator.csproj", "{90FE23B0-C89E-4B73-9477-C717AA972958}"
EndProject
Global
	GlobalSection(SolutionConfigurationPlatforms) = preSolution
		Debug|Any CPU = Debug|Any CPU
		Release|Any CPU = Release|Any CPU
	EndGlobalSection
	GlobalSection(ProjectConfigurationPlatforms) = postSolution
		{90FE23B0-C89E-4B73-9477-C717AA972958}.Debug|Any CPU.ActiveCfg = Debug|Any CPU
		{90FE23B0-C89E-4B73-9477-C717AA972958}.Debug|Any CPU.Build.0 = Debug|Any CPU
		{90FE23B0-C89E-4B73-9477-C717AA972958}.Release|Any CPU.ActiveCfg = Release|Any CPU
		{90FE23B0-C89E-4B73-9477-C717AA972958}.Release|Any CPU.Build.0 = Release|Any CPU
	EndGlobalSection
	GlobalSection(SolutionProperties) = preSolution
		HideSolutionNode = FALSE
	EndGlobalSection
	GlobalSection(ExtensibilityGlobals) = postSolution
		SolutionGuid = {CD462E9F-DF9C-4364-9DB4-B418C83431F5}
	EndGlobalSection
EndGlobal
